# This file is autogenerated, do not edit; changes may be undone by the next 'dep ensure'.


[[projects]]
  branch = "master"
  name = "github.com/tadvi/dbf"
  packages = ["."]
  revision = "7f098c0fd31f8f783ecb1cca767f4feb3acfedc8"

[solve-meta]
  analyzer-name = "dep"
  analyzer-version = 1
  inputs-digest = "b8db93e6b58373060747b00b3b4df9aa4c9b08a8db3741df8958ae71341c434f"
  solver-name = "gps-cdcl"
  solver-version = 1
